schema: '2.0'
stages:
  json2csv:
    cmd: python3 big/src/stages/json2csv.py params.yaml
    deps:
    - path: big/src/stages/json2csv.py
      md5: b67bf54ed41456835af5f3ced30662e1
      size: 3221
    - path: data/interim/sl_hand_json
      md5: 1eff78fa2d600fb5911794963b7033e9.dir
      size: 1901410
      nfiles: 32
    - path: data/raw/sl_hand_label
      md5: dfdb04782cc2c520c1e403454fa8b168.dir
      size: 1690
      nfiles: 2
    outs:
    - path: data/interim/xyz_63f.csv
      md5: 2668ea335a3e330f2126a0e8b8fbbd36
      size: 1833849
  xyz2angle:
    cmd: python3 big/src/stages/xyz2angle.py params.yaml
    deps:
    - path: big/src/stages/xyz2angle.py
      md5: 5f6315adcd759b5dbea0fc8f408d0347
      size: 1093
    - path: data/interim/xyz_63f.csv
      md5: 2668ea335a3e330f2126a0e8b8fbbd36
      size: 1833849
    outs:
    - path: data/interim/angle_19f.csv
      md5: 219cd166402057a7c3977521cc480351
      size: 599781
  select_label:
    cmd: python3 big/src/stages/select_label.py params.yaml
    deps:
    - path: big/src/stages/select_label.py
      md5: 74a9bb8f9c698804e0e7ce5a85d618e0
      size: 1061
    - path: data/interim/angle_19f.csv
      md5: 219cd166402057a7c3977521cc480351
      size: 599781
    params:
      params.yaml:
        select_label.list_fsw_orientation:
        - '00'
        - '01'
    outs:
    - path: data/interim/angle_19f_handshape.csv
      md5: 696f6d024b041984694c7707787825b4
      size: 306352
  split_trainval_test:
    cmd: python3 big/src/stages/split_trainval_test.py params.yaml
    deps:
    - path: big/src/stages/split_trainval_test.py
      md5: 70d9e4966aefdc4f364b6f47ce9895ab
      size: 1722
    - path: data/interim/reduce_label.csv
      md5: 4d66f810187b1f468b84fa8b578fb7d4
      size: 306352
    params:
      params.yaml:
        split_trainval_test.random_state: 42
        split_trainval_test.test_size: 0.2
    outs:
    - path: data/processed/test.csv
      md5: c7cc36882aa7a36986519d7a2dbca516
      size: 61627
    - path: data/processed/train_val.csv
      md5: 200abcdfe6c3a3824552d66bb28bc3cd
      size: 245033
  train_val_split:
    cmd: python3 big/src/stages/train_val_split.py params.yaml
    deps:
    - path: big/src/stages/train_val_split.py
      md5: 586db4208d6d57e6f06af7cebe8a20a0
      size: 1602
    - path: data/processed/train_val.csv
      md5: 200abcdfe6c3a3824552d66bb28bc3cd
      size: 245033
    params:
      params.yaml:
        train_val_split.random_state: 42
        train_val_split.val_size: 0.2
    outs:
    - path: data/processed/train.csv
      md5: 291df7cd4d98f83fcaf371b88f4ba616
      size: 196023
    - path: data/processed/val.csv
      md5: 81b5986f9a6800d849f6031169c983b4
      size: 49318
  select_features:
    cmd: python3 big/src/stages/select_features.py params.yaml
    deps:
    - path: big/src/stages/select_features.py
      md5: d6592d9ae52e2a2ff842b81490098578
      size: 2339
    - path: data/processed/test.csv
      md5: c7cc36882aa7a36986519d7a2dbca516
      size: 61627
    - path: data/processed/train.csv
      md5: 291df7cd4d98f83fcaf371b88f4ba616
      size: 196023
    - path: data/processed/val.csv
      md5: 81b5986f9a6800d849f6031169c983b4
      size: 49318
    outs:
    - path: data/processed/test_x.npy
      md5: a55cec827a0954b49e31fd22daa1cc4e
      size: 51656
    - path: data/processed/test_y.npy
      md5: fcfc3982207c03dd9f864655241250e6
      size: 988
    - path: data/processed/train_x.npy
      md5: 60966ac3c3a523c13f3a3fbea01d34db
      size: 164592
    - path: data/processed/train_y.npy
      md5: 6a840c9ce7d47c2a1d8f8adcb5e369e8
      size: 2476
    - path: data/processed/val_x.npy
      md5: 655610aa01c002f72251800c1773a097
      size: 41320
    - path: data/processed/val_y.npy
      md5: 712ab03c1671aee8680088330cf085e8
      size: 852
  to_categorical:
    cmd: python3 big/src/stages/to_categorical.py params.yaml
    deps:
    - path: big/src/stages/to_categorical.py
      md5: d6d1968c93ee1bce08837f95f4de338b
      size: 2123
    - path: data/processed/test_y.npy
      md5: fcfc3982207c03dd9f864655241250e6
      size: 988
    - path: data/processed/train_y.npy
      md5: 6a840c9ce7d47c2a1d8f8adcb5e369e8
      size: 2476
    - path: data/processed/val_y.npy
      md5: 712ab03c1671aee8680088330cf085e8
      size: 852
    outs:
    - path: data/processed/test_y_encoder.npy
      md5: 8dd263484acf12511ac1ac6109b5fb2c
      size: 2840
    - path: data/processed/train_y_encoder.npy
      md5: 64cb8d949bdd1ad4bcd55b79c999efc1
      size: 8784
    - path: data/processed/val_y_encoder.npy
      md5: 884dbab6814a754cba78fcf63cf291d9
      size: 2296
    - path: models/skelet_hand_f19.json
      md5: 87a56a2619349785ef91a50059c21d35
      size: 71
  train:
    cmd: python3 big/src/stages/train.py params.yaml
    deps:
    - path: big/src/stages/train.py
      md5: b14c9c35ad36076fcc1f76172cef92ac
      size: 3223
    - path: data/processed/train_x.npy
      md5: 60966ac3c3a523c13f3a3fbea01d34db
      size: 164592
    - path: data/processed/train_y_encoder.npy
      md5: 64cb8d949bdd1ad4bcd55b79c999efc1
      size: 8784
    - path: data/processed/val_x.npy
      md5: 655610aa01c002f72251800c1773a097
      size: 41320
    - path: data/processed/val_y_encoder.npy
      md5: 884dbab6814a754cba78fcf63cf291d9
      size: 2296
    params:
      params.yaml:
        train.epochs: 100
    outs:
    - path: models/skelet_hand_f19.h5
      md5: d81f3639837bc228051ea59f3c392136
      size: 56656
    - path: reports/train_history.csv
      md5: 6371edfdd93f680a439ba1bf4ec1dd66
      size: 8037
  predict:
    cmd: python3 big/src/stages/predict.py params.yaml
    deps:
    - path: big/src/stages/predict.py
      md5: e5549ebba512079d46aaf7bf0bfd118d
      size: 3882
    - path: data/processed/test_x.npy
      md5: a55cec827a0954b49e31fd22daa1cc4e
      size: 51656
    - path: data/processed/train_x.npy
      md5: 60966ac3c3a523c13f3a3fbea01d34db
      size: 164592
    - path: data/processed/val_x.npy
      md5: 655610aa01c002f72251800c1773a097
      size: 41320
    - path: models/skelet_hand_f19.h5
      md5: d81f3639837bc228051ea59f3c392136
      size: 56656
    outs:
    - path: data/processed/test_y_pred.npy
      md5: 11879569c01867853b9049d30fa4c663
      size: 5552
    - path: data/processed/test_y_pred_proba.npy
      md5: 08507cdcd901a96d9175906ff04b4168
      size: 4196
    - path: data/processed/train_y_pred.npy
      md5: d7c0b47d76b7526bc0f12ff990f7696d
      size: 17440
    - path: data/processed/train_y_pred_proba.npy
      md5: 636956df8fe5c3aa1069408985bacef0
      size: 13112
    - path: data/processed/val_y_pred.npy
      md5: 33ac7a2f487b95929286fd42a6140509
      size: 4464
    - path: data/processed/val_y_pred_proba.npy
      md5: d3da66948c5bb6cceb2103d75e4e6433
      size: 3380
  evaluate:
    cmd: python3 big/src/stages/evaluate.py params.yaml
    deps:
    - path: big/src/stages/evaluate.py
      md5: ddd5641e8c822064d430fbb1655eb014
      size: 7647
    - path: data/processed/test_y.npy
      md5: fcfc3982207c03dd9f864655241250e6
      size: 988
    - path: data/processed/test_y_pred.npy
      md5: 11879569c01867853b9049d30fa4c663
      size: 5552
    - path: data/processed/test_y_pred_proba.npy
      md5: 08507cdcd901a96d9175906ff04b4168
      size: 4196
    - path: data/processed/train_y.npy
      md5: 6a840c9ce7d47c2a1d8f8adcb5e369e8
      size: 2476
    - path: data/processed/train_y_pred.npy
      md5: d7c0b47d76b7526bc0f12ff990f7696d
      size: 17440
    - path: data/processed/train_y_pred_proba.npy
      md5: 636956df8fe5c3aa1069408985bacef0
      size: 13112
    - path: data/processed/val_y.npy
      md5: 712ab03c1671aee8680088330cf085e8
      size: 852
    - path: data/processed/val_y_pred.npy
      md5: 33ac7a2f487b95929286fd42a6140509
      size: 4464
    - path: data/processed/val_y_pred_proba.npy
      md5: d3da66948c5bb6cceb2103d75e4e6433
      size: 3380
    outs:
    - path: reports/test.json
      md5: d1b6630ff194973c33be21fb32b356d0
      size: 31
    - path: reports/train.json
      md5: 9260bd9ea01383375ba5865187e1484f
      size: 30
    - path: reports/val.json
      md5: 61d3a62a0c6cf0ae3299792b0744784d
      size: 31
  app:
    cmd: python3 big/src/stages/app.py params.yaml
    deps:
    - path: big/src/stages/app.py
      md5: 7b6928167889073ce781df96383cd9f6
      size: 2947
    - path: data/raw/sl_hand
      md5: cfb3e3adb87ae3d064a5791e736a6658.dir
      size: 282910552
      nfiles: 32
    - path: models/skelet_hand_f19.h5
      md5: d81f3639837bc228051ea59f3c392136
      size: 56656
    - path: models/skelet_hand_f19.json
      md5: 87a56a2619349785ef91a50059c21d35
      size: 71
    outs:
    - path: reports/app.json
      md5: e17861be744b7746873773980e38ac55
      size: 53
  reduce_label:
    cmd: python3 big/src/stages/reduce_label.py params.yaml
    deps:
    - path: big/src/stages/reduce_label.py
      md5: caba32dcca9162e450614bceaf749e17
      size: 2984
    - path: data/interim/angle_19f_handshape.csv
      md5: 696f6d024b041984694c7707787825b4
      size: 306352
    - path: data/raw/fsw_handshape.json
      md5: fc38ceb365ab6afea4697799bb89e3eb
      size: 76
    outs:
    - path: data/interim/reduce_label.csv
      md5: 4d66f810187b1f468b84fa8b578fb7d4
      size: 306352
