schema: '2.0'
stages:
  json2csv:
    cmd: python3 src/stages/json2csv.py params.yaml
    deps:
    - path: data/interim/sl_hand_json
      md5: 7ea60969d88183efbf3c200af30a1b71.dir
      size: 472771937
      nfiles: 6321
    - path: data/raw/sl_hand_label
      md5: 618e55b4c611188e975317ce37e9441b.dir
      size: 383240
      nfiles: 15
    - path: src/stages/json2csv.py
      md5: 8f36a7a0306756ba350cf1daf1663563
      size: 3153
    outs:
    - path: data/interim/xyz_63f.csv
      md5: 729322b6c584b588291f6841be226140
      size: 450963031
  xyz2angle:
    cmd: python3 src/stages/xyz2angle.py params.yaml
    deps:
    - path: data/interim/xyz_63f.csv
      md5: 729322b6c584b588291f6841be226140
      size: 450963031
    - path: src/stages/xyz2angle.py
      md5: 5f6315adcd759b5dbea0fc8f408d0347
      size: 1093
    outs:
    - path: data/interim/angle_19f.csv
      md5: 7acd831f9aa8adbebe9c327aaf1b1e6e
      size: 143393352
  select_label:
    cmd: python3 src/stages/select_label.py params.yaml
    deps:
    - path: data/interim/angle_19f.csv
      md5: 7acd831f9aa8adbebe9c327aaf1b1e6e
      size: 143393352
    - path: src/stages/select_label.py
      md5: 74a9bb8f9c698804e0e7ce5a85d618e0
      size: 1061
    params:
      params.yaml:
        select_label.list_fsw_orientation:
        - '28'
        - '20'
        - '21'
        - '29'
        - 2f
        - '27'
        - 2a
        - '22'
        - '26'
        - 2e
    outs:
    - path: data/interim/angle_19f_handshape.csv
      md5: 595864f2a50e16c60705c396cce39a30
      size: 26172372
  split_trainval_test:
    cmd: python3 src/stages/split_trainval_test.py params.yaml
    deps:
    - path: data/interim/train_val_test_balance.csv
      md5: a723e3f553f0d62866ec6260c4e26578
      size: 5603027
    - path: src/stages/split_trainval_test.py
      md5: 70d9e4966aefdc4f364b6f47ce9895ab
      size: 1722
    params:
      params.yaml:
        split_trainval_test.random_state: 42
        split_trainval_test.test_size: 0.1
    outs:
    - path: data/processed/test.csv
      md5: 7d2c0ef1049af0f96b9ece16092e733a
      size: 531676
    - path: data/processed/train_val.csv
      md5: f3d43581b3a7649b9377e9a62fba1b11
      size: 4775310
  train_val_split:
    cmd: python3 src/stages/train_val_split.py params.yaml
    deps:
    - path: data/processed/train_val.csv
      md5: f3d43581b3a7649b9377e9a62fba1b11
      size: 4775310
    - path: src/stages/train_val_split.py
      md5: 3edb888dfdd4cf9135cc03c67860ee9a
      size: 1513
    params:
      params.yaml:
        train_val_split.random_state: 42
        train_val_split.val_size: 0.1
    outs:
    - path: data/processed/train.csv
      md5: fe9aef2f2de1a572b6fd8e2c7749261f
      size: 4297089
    - path: data/processed/val.csv
      md5: 7418f05471e35f1809962820bec018ef
      size: 478498
  select_features:
    cmd: python3 src/stages/select_features.py params.yaml
    deps:
    - path: data/interim/test2.csv
      md5: 513bcef6a9da6cc91534b35130f972b5
      size: 1664613
    - path: data/processed/test.csv
      md5: 7d2c0ef1049af0f96b9ece16092e733a
      size: 531676
    - path: data/processed/train.csv
      md5: fe9aef2f2de1a572b6fd8e2c7749261f
      size: 4297089
    - path: data/processed/val.csv
      md5: 7418f05471e35f1809962820bec018ef
      size: 478498
    - path: src/stages/select_features.py
      md5: b869d067c8e9682d55f348e31a474e15
      size: 2556
    outs:
    - path: data/processed/test2_x.npy
      md5: 0ad4cce2a475e7cf300649df96b2614c
      size: 1418288
    - path: data/processed/test2_y.npy
      md5: 686ebec95d4f9c235509b9792f7cf49f
      size: 19357
    - path: data/processed/test_x.npy
      md5: bf27bfe80ebec18fcf28bc6579943079
      size: 400800
    - path: data/processed/test_y.npy
      md5: 9e08db4407c1c85fafde56e7ca33543c
      size: 5955
    - path: data/processed/train_x.npy
      md5: b521f0bd315bb065729cd33a573edc11
      size: 3245024
    - path: data/processed/train_y.npy
      md5: d702dc5e10e218090ba4ec96516f867d
      size: 43417
    - path: data/processed/val_x.npy
      md5: dde286c7a3da6ce6094b66eeffc87b92
      size: 360672
    - path: data/processed/val_y.npy
      md5: 7656977446ae56b1492dcf24914fc11d
      size: 5427
  to_categorical:
    cmd: python3 src/stages/to_categorical.py params.yaml
    deps:
    - path: data/processed/test2_y.npy
      md5: 686ebec95d4f9c235509b9792f7cf49f
      size: 19357
    - path: data/processed/test_y.npy
      md5: 9e08db4407c1c85fafde56e7ca33543c
      size: 5955
    - path: data/processed/train_y.npy
      md5: d702dc5e10e218090ba4ec96516f867d
      size: 43417
    - path: data/processed/val_y.npy
      md5: 7656977446ae56b1492dcf24914fc11d
      size: 5427
    - path: src/stages/to_categorical.py
      md5: 56e2e61ee1e82b3fe07f51c7e6da59e4
      size: 2397
    outs:
    - path: data/processed/test2_y_encoder.npy
      md5: e4753e128f96ab4823edc6b1ec3d4164
      size: 74768
    - path: data/processed/test_y_encoder.npy
      md5: ecc77020cbab09fbd2ff9b1ef0b8ce77
      size: 21216
    - path: data/processed/train_y_encoder.npy
      md5: 8c7c541effa4f2e6a643c549a9645087
      size: 170912
    - path: data/processed/val_y_encoder.npy
      md5: d2d9136469e360b266be56f1e71f9dd3
      size: 19104
    - path: models/skelet_hand_f19.json
      md5: f7f62bee2f36a3f9b7e828e34d5e4573
      size: 727
  train:
    cmd: python3 src/stages/train.py params.yaml
    deps:
    - path: data/processed/train_x.npy
      md5: b521f0bd315bb065729cd33a573edc11
      size: 3245024
    - path: data/processed/train_y_encoder.npy
      md5: 8c7c541effa4f2e6a643c549a9645087
      size: 170912
    - path: data/processed/val_x.npy
      md5: dde286c7a3da6ce6094b66eeffc87b92
      size: 360672
    - path: data/processed/val_y_encoder.npy
      md5: d2d9136469e360b266be56f1e71f9dd3
      size: 19104
    - path: src/stages/train.py
      md5: 17efd98b9f1e732052f5b5821232a87b
      size: 3121
    params:
      params.yaml:
        train.epochs: 1200
    outs:
    - path: models/skelet_hand_f19.h5
      md5: 54524c159b9e72167d7e25d7399bd7f0
      size: 69800
    - path: reports/train_history.csv
      md5: fca8072bc6b1ae83b258e944ce1fbc1c
      size: 97088
  predict:
    cmd: python3 src/stages/predict.py params.yaml
    deps:
    - path: data/processed/test2_x.npy
      md5: 0ad4cce2a475e7cf300649df96b2614c
      size: 1418288
    - path: data/processed/test_x.npy
      md5: bf27bfe80ebec18fcf28bc6579943079
      size: 400800
    - path: data/processed/train_x.npy
      md5: b521f0bd315bb065729cd33a573edc11
      size: 3245024
    - path: data/processed/val_x.npy
      md5: dde286c7a3da6ce6094b66eeffc87b92
      size: 360672
    - path: models/skelet_hand_f19.h5
      md5: 54524c159b9e72167d7e25d7399bd7f0
      size: 69800
    - path: src/stages/predict.py
      md5: d9b5fdae0131b7d8eaa753a5b3b239b4
      size: 4356
    outs:
    - path: data/processed/test2_y_pred.npy
      md5: c28c828a3b432e533deb4b4d34fedd7f
      size: 149408
    - path: data/processed/test2_y_pred_proba.npy
      md5: 07e366109acf8abb187d21a723762bcd
      size: 1642208
    - path: data/processed/test_y_pred.npy
      md5: f012fd667ae410aad09f9ec6411aa6da
      size: 42304
    - path: data/processed/test_y_pred_proba.npy
      md5: 54fd1aed21ba1ebd05aa663e21bf4aa7
      size: 464064
    - path: data/processed/train_y_pred.npy
      md5: a312e40ae52f2ecc137e88d9899a4f75
      size: 341696
    - path: data/processed/train_y_pred_proba.npy
      md5: 0fb9c3533ea6d93dc0451a820b7d6362
      size: 3757376
    - path: data/processed/val_y_pred.npy
      md5: d30dec4af6d8d8d38d3667b84304336b
      size: 38080
    - path: data/processed/val_y_pred_proba.npy
      md5: f7effc1762f14e7786708f2626c590ba
      size: 417600
  evaluate:
    cmd: python3 src/stages/evaluate.py params.yaml
    deps:
    - path: data/processed/test2_y.npy
      md5: 686ebec95d4f9c235509b9792f7cf49f
      size: 19357
    - path: data/processed/test2_y_pred.npy
      md5: c28c828a3b432e533deb4b4d34fedd7f
      size: 149408
    - path: data/processed/test2_y_pred_proba.npy
      md5: 07e366109acf8abb187d21a723762bcd
      size: 1642208
    - path: data/processed/test_y.npy
      md5: 9e08db4407c1c85fafde56e7ca33543c
      size: 5955
    - path: data/processed/test_y_pred.npy
      md5: f012fd667ae410aad09f9ec6411aa6da
      size: 42304
    - path: data/processed/test_y_pred_proba.npy
      md5: 54fd1aed21ba1ebd05aa663e21bf4aa7
      size: 464064
    - path: data/processed/train_y.npy
      md5: d702dc5e10e218090ba4ec96516f867d
      size: 43417
    - path: data/processed/train_y_pred.npy
      md5: a312e40ae52f2ecc137e88d9899a4f75
      size: 341696
    - path: data/processed/train_y_pred_proba.npy
      md5: 0fb9c3533ea6d93dc0451a820b7d6362
      size: 3757376
    - path: data/processed/val_y.npy
      md5: 7656977446ae56b1492dcf24914fc11d
      size: 5427
    - path: data/processed/val_y_pred.npy
      md5: d30dec4af6d8d8d38d3667b84304336b
      size: 38080
    - path: data/processed/val_y_pred_proba.npy
      md5: f7effc1762f14e7786708f2626c590ba
      size: 417600
    - path: src/stages/evaluate.py
      md5: 64fc67e2701ad4b10ad50217913a608b
      size: 9018
    outs:
    - path: reports/test.json
      md5: 4e75c7ab0e6708ed6f905083f68f41a5
      size: 31
    - path: reports/test2.json
      md5: 045993f4f866baad36c2f99b7647e73c
      size: 31
    - path: reports/train.json
      md5: 6b0d4d7c432f6d15a6a95365631d7d9c
      size: 31
    - path: reports/val.json
      md5: e62dd121bcf98c22b6286a548c07c6b2
      size: 31
  app:
    cmd: python3 src/stages/app.py params.yaml
    deps:
    - path: data/raw/sl_hand
      md5: cfb3e3adb87ae3d064a5791e736a6658.dir
      size: 282910552
      nfiles: 32
    - path: models/skelet_hand_f19.h5
      md5: 54524c159b9e72167d7e25d7399bd7f0
      size: 69800
    - path: models/skelet_hand_f19.json
      md5: f7f62bee2f36a3f9b7e828e34d5e4573
      size: 727
    - path: src/stages/app.py
      md5: 2272564d30a3ab105969eee7615825e4
      size: 2805
    outs:
    - path: reports/app.json
      md5: 6a07e06b338fa82fd82a9a62fd57d257
      size: 53
  reduce_label:
    cmd: python3 src/stages/reduce_label.py params.yaml
    deps:
    - path: data/interim/angle_19f_handshape.csv
      md5: 595864f2a50e16c60705c396cce39a30
      size: 26172372
    - path: data/raw/fsw_handshape.json
      md5: a8dafa55e11fd34e5659fd1e83ad0c98
      size: 1714
    - path: src/stages/reduce_label.py
      md5: caba32dcca9162e450614bceaf749e17
      size: 2984
    outs:
    - path: data/interim/reduce_label.csv
      md5: 9e630fc184634a8009ef8ad07e77df1a
      size: 26172372
  split_by_folder:
    cmd: python3 src/stages/split_by_folder.py params.yaml
    deps:
    - path: data/interim/reduce_label.csv
      md5: 9e630fc184634a8009ef8ad07e77df1a
      size: 26172372
    - path: src/stages/split_by_folder.py
      md5: 13984d5af8ad4cd83fe505cf58673fc8
      size: 1046
    outs:
    - path: data/interim/test2.csv
      md5: 513bcef6a9da6cc91534b35130f972b5
      size: 1664613
    - path: data/interim/train_val_test.csv
      md5: f8807f02aff0b3e521a1f47540d2dbc9
      size: 24508067
  make_imbalance:
    cmd: python3 src/stages/make_imbalance.py params.yaml
    deps:
    - path: data/interim/train_val_test.csv
      md5: f8807f02aff0b3e521a1f47540d2dbc9
      size: 24508067
    - path: src/stages/make_imbalance.py
      md5: adb4dda59ee17dd8b28a814f01281a79
      size: 5320
    outs:
    - path: data/interim/train_val_test_balance.csv
      md5: a723e3f553f0d62866ec6260c4e26578
      size: 5603027
