schema: '2.0'
stages:
  json2csv:
    cmd: python3 src/stages/json2csv.py params.yaml
    deps:
    - path: data/interim/sl_hand_json
      md5: 7ea60969d88183efbf3c200af30a1b71.dir
      size: 472771937
      nfiles: 6321
    - path: data/raw/sl_hand_label
      md5: 618e55b4c611188e975317ce37e9441b.dir
      size: 383240
      nfiles: 15
    - path: src/stages/json2csv.py
      md5: 8f36a7a0306756ba350cf1daf1663563
      size: 3153
    outs:
    - path: data/interim/xyz_63f.csv
      md5: 729322b6c584b588291f6841be226140
      size: 450963031
  xyz2angle:
    cmd: python3 src/stages/xyz2angle.py params.yaml
    deps:
    - path: data/interim/xyz_63f.csv
      md5: 729322b6c584b588291f6841be226140
      size: 450963031
    - path: src/stages/xyz2angle.py
      md5: 5f6315adcd759b5dbea0fc8f408d0347
      size: 1093
    outs:
    - path: data/interim/angle_19f.csv
      md5: 7acd831f9aa8adbebe9c327aaf1b1e6e
      size: 143393352
  select_label:
    cmd: python3 src/stages/select_label.py params.yaml
    deps:
    - path: data/interim/angle_19f.csv
      md5: 7acd831f9aa8adbebe9c327aaf1b1e6e
      size: 143393352
    - path: src/stages/select_label.py
      md5: 74a9bb8f9c698804e0e7ce5a85d618e0
      size: 1061
    params:
      params.yaml:
        select_label.list_fsw_orientation:
        - '28'
        - '20'
        - '21'
        - '29'
        - 2f
        - '27'
        - 2a
        - '22'
        - '26'
        - 2e
    outs:
    - path: data/interim/angle_19f_handshape.csv
      md5: 595864f2a50e16c60705c396cce39a30
      size: 26172372
  split_trainval_test:
    cmd: python3 src/stages/split_trainval_test.py params.yaml
    deps:
    - path: data/interim/train_val_test_balance.csv
      md5: 7cb809ddc929daebb08e2fce896d39b2
      size: 3660086
    - path: src/stages/split_trainval_test.py
      md5: 70d9e4966aefdc4f364b6f47ce9895ab
      size: 1722
    params:
      params.yaml:
        split_trainval_test.random_state: 42
        split_trainval_test.test_size: 0.1
    outs:
    - path: data/processed/test.csv
      md5: 325420ab36155805a9efd4c5ee2e5bd7
      size: 366267
    - path: data/processed/train_val.csv
      md5: d784d4013a82a5807f8b5c3a9f524e72
      size: 3294096
  train_val_split:
    cmd: python3 src/stages/train_val_split.py params.yaml
    deps:
    - path: data/processed/train_val.csv
      md5: d784d4013a82a5807f8b5c3a9f524e72
      size: 3294096
    - path: src/stages/train_val_split.py
      md5: 3edb888dfdd4cf9135cc03c67860ee9a
      size: 1513
    params:
      params.yaml:
        train_val_split.random_state: 42
        train_val_split.val_size: 0.1
    outs:
    - path: data/processed/train.csv
      md5: e3e2747dd4812a12ec70b497c0c14838
      size: 2964642
    - path: data/processed/val.csv
      md5: 7e8ffa6116cdaeebf71fee8b2c08c243
      size: 329731
  select_features:
    cmd: python3 src/stages/select_features.py params.yaml
    deps:
    - path: data/interim/test2.csv
      md5: 513bcef6a9da6cc91534b35130f972b5
      size: 1664613
    - path: data/processed/test.csv
      md5: 325420ab36155805a9efd4c5ee2e5bd7
      size: 366267
    - path: data/processed/train.csv
      md5: e3e2747dd4812a12ec70b497c0c14838
      size: 2964642
    - path: data/processed/val.csv
      md5: 7e8ffa6116cdaeebf71fee8b2c08c243
      size: 329731
    - path: src/stages/select_features.py
      md5: b869d067c8e9682d55f348e31a474e15
      size: 2556
    outs:
    - path: data/processed/test2_x.npy
      md5: 0ad4cce2a475e7cf300649df96b2614c
      size: 1418288
    - path: data/processed/test2_y.npy
      md5: 686ebec95d4f9c235509b9792f7cf49f
      size: 19357
    - path: data/processed/test_x.npy
      md5: e5b5ceb127e3ae2eb7484f84d33361bd
      size: 409464
    - path: data/processed/test_y.npy
      md5: b5138d30473736aad1ba57d46d466db9
      size: 6069
    - path: data/processed/train_x.npy
      md5: 94d31d9d07c9f7a6294012f31cefcae2
      size: 3315400
    - path: data/processed/train_y.npy
      md5: 166876cd967029febf2bb5f9ebf67909
      size: 44343
    - path: data/processed/val_x.npy
      md5: 15e10067f58b835ec8478135f6b373cd
      size: 368576
    - path: data/processed/val_y.npy
      md5: 945db6ddf641e5b2eead0f5bba9c5493
      size: 5531
  to_categorical:
    cmd: python3 src/stages/to_categorical.py params.yaml
    deps:
    - path: data/processed/test2_y.npy
      md5: 686ebec95d4f9c235509b9792f7cf49f
      size: 19357
    - path: data/processed/test_y.npy
      md5: b5138d30473736aad1ba57d46d466db9
      size: 6069
    - path: data/processed/train_y.npy
      md5: 166876cd967029febf2bb5f9ebf67909
      size: 44343
    - path: data/processed/val_y.npy
      md5: 945db6ddf641e5b2eead0f5bba9c5493
      size: 5531
    - path: src/stages/to_categorical.py
      md5: 56e2e61ee1e82b3fe07f51c7e6da59e4
      size: 2397
    outs:
    - path: data/processed/test2_y_encoder.npy
      md5: e4753e128f96ab4823edc6b1ec3d4164
      size: 74768
    - path: data/processed/test_y_encoder.npy
      md5: 311309cfae3127c53f87b62fc971d0a5
      size: 21672
    - path: data/processed/train_y_encoder.npy
      md5: b886dee2a9109dc332e7ed2d36d199af
      size: 174616
    - path: data/processed/val_y_encoder.npy
      md5: 9574fc49f5dc88a9c0f3d7348d9ae2ea
      size: 19520
    - path: models/skelet_hand_f19.json
      md5: f7f62bee2f36a3f9b7e828e34d5e4573
      size: 727
  train:
    cmd: python3 src/stages/train.py params.yaml
    deps:
    - path: data/processed/train_x.npy
      md5: 94d31d9d07c9f7a6294012f31cefcae2
      size: 3315400
    - path: data/processed/train_y_encoder.npy
      md5: b886dee2a9109dc332e7ed2d36d199af
      size: 174616
    - path: data/processed/val_x.npy
      md5: 15e10067f58b835ec8478135f6b373cd
      size: 368576
    - path: data/processed/val_y_encoder.npy
      md5: 9574fc49f5dc88a9c0f3d7348d9ae2ea
      size: 19520
    - path: src/stages/train.py
      md5: 17efd98b9f1e732052f5b5821232a87b
      size: 3121
    params:
      params.yaml:
        train.epochs: 1200
    outs:
    - path: models/skelet_hand_f19.h5
      md5: c8d6137a62e103a1f05f0f01f082c612
      size: 69800
    - path: reports/train_history.csv
      md5: 2a9ca71944ee4c87242ecb200be2d747
      size: 97442
  predict:
    cmd: python3 src/stages/predict.py params.yaml
    deps:
    - path: data/processed/test2_x.npy
      md5: 0ad4cce2a475e7cf300649df96b2614c
      size: 1418288
    - path: data/processed/test_x.npy
      md5: e5b5ceb127e3ae2eb7484f84d33361bd
      size: 409464
    - path: data/processed/train_x.npy
      md5: 94d31d9d07c9f7a6294012f31cefcae2
      size: 3315400
    - path: data/processed/val_x.npy
      md5: 15e10067f58b835ec8478135f6b373cd
      size: 368576
    - path: models/skelet_hand_f19.h5
      md5: c8d6137a62e103a1f05f0f01f082c612
      size: 69800
    - path: src/stages/predict.py
      md5: d9b5fdae0131b7d8eaa753a5b3b239b4
      size: 4356
    outs:
    - path: data/processed/test2_y_pred.npy
      md5: 87f8edd8cea80402d07a5af9de109d3a
      size: 149408
    - path: data/processed/test2_y_pred_proba.npy
      md5: ce16277efbd446f07ce3cfcdf3073b88
      size: 1642208
    - path: data/processed/test_y_pred.npy
      md5: 06b8d6e3ef0c7b2a458166734c274ee2
      size: 43216
    - path: data/processed/test_y_pred_proba.npy
      md5: eb77168ea627de476e97941466a0d7c7
      size: 474096
    - path: data/processed/train_y_pred.npy
      md5: 6a948c8ef27b54883fb45ceff050f2cd
      size: 349104
    - path: data/processed/train_y_pred_proba.npy
      md5: 623a4e755ea86fe5ea310cdcd62e1aca
      size: 3838864
    - path: data/processed/val_y_pred.npy
      md5: 89c02b01eabe50797df9a1ecbc27ac76
      size: 38912
    - path: data/processed/val_y_pred_proba.npy
      md5: fa4d44ad1483c34207dfee5c12723ccd
      size: 426752
  evaluate:
    cmd: python3 src/stages/evaluate.py params.yaml
    deps:
    - path: data/processed/test2_y.npy
      md5: 686ebec95d4f9c235509b9792f7cf49f
      size: 19357
    - path: data/processed/test2_y_pred.npy
      md5: 87f8edd8cea80402d07a5af9de109d3a
      size: 149408
    - path: data/processed/test2_y_pred_proba.npy
      md5: ce16277efbd446f07ce3cfcdf3073b88
      size: 1642208
    - path: data/processed/test_y.npy
      md5: b5138d30473736aad1ba57d46d466db9
      size: 6069
    - path: data/processed/test_y_pred.npy
      md5: 06b8d6e3ef0c7b2a458166734c274ee2
      size: 43216
    - path: data/processed/test_y_pred_proba.npy
      md5: eb77168ea627de476e97941466a0d7c7
      size: 474096
    - path: data/processed/train_y.npy
      md5: 166876cd967029febf2bb5f9ebf67909
      size: 44343
    - path: data/processed/train_y_pred.npy
      md5: 6a948c8ef27b54883fb45ceff050f2cd
      size: 349104
    - path: data/processed/train_y_pred_proba.npy
      md5: 623a4e755ea86fe5ea310cdcd62e1aca
      size: 3838864
    - path: data/processed/val_y.npy
      md5: 945db6ddf641e5b2eead0f5bba9c5493
      size: 5531
    - path: data/processed/val_y_pred.npy
      md5: 89c02b01eabe50797df9a1ecbc27ac76
      size: 38912
    - path: data/processed/val_y_pred_proba.npy
      md5: fa4d44ad1483c34207dfee5c12723ccd
      size: 426752
    - path: src/stages/evaluate.py
      md5: 64fc67e2701ad4b10ad50217913a608b
      size: 9018
    outs:
    - path: reports/test.json
      md5: 0b155b79a4663debd470cdfae38ada0a
      size: 31
    - path: reports/test2.json
      md5: d25499eda4d257c45a7fb3028406e994
      size: 31
    - path: reports/train.json
      md5: a72a589d19ab151bacf5b4a23a070f65
      size: 31
    - path: reports/val.json
      md5: 3dc2f34b1c50fead30f40ff1ceba1012
      size: 31
  app:
    cmd: python3 src/stages/app.py params.yaml
    deps:
    - path: data/raw/sl_hand
      md5: cfb3e3adb87ae3d064a5791e736a6658.dir
      size: 282910552
      nfiles: 32
    - path: models/skelet_hand_f19.h5
      md5: c8d6137a62e103a1f05f0f01f082c612
      size: 69800
    - path: models/skelet_hand_f19.json
      md5: f7f62bee2f36a3f9b7e828e34d5e4573
      size: 727
    - path: src/stages/app.py
      md5: 2272564d30a3ab105969eee7615825e4
      size: 2805
    outs:
    - path: reports/app.json
      md5: 9195181e856bfaa9193c6a705293f12b
      size: 53
  reduce_label:
    cmd: python3 src/stages/reduce_label.py params.yaml
    deps:
    - path: data/interim/angle_19f_handshape.csv
      md5: 595864f2a50e16c60705c396cce39a30
      size: 26172372
    - path: data/raw/fsw_handshape.json
      md5: a8dafa55e11fd34e5659fd1e83ad0c98
      size: 1714
    - path: src/stages/reduce_label.py
      md5: caba32dcca9162e450614bceaf749e17
      size: 2984
    outs:
    - path: data/interim/reduce_label.csv
      md5: 9e630fc184634a8009ef8ad07e77df1a
      size: 26172372
  split_by_folder:
    cmd: python3 src/stages/split_by_folder.py params.yaml
    deps:
    - path: data/interim/reduce_label.csv
      md5: 9e630fc184634a8009ef8ad07e77df1a
      size: 26172372
    - path: src/stages/split_by_folder.py
      md5: 13984d5af8ad4cd83fe505cf58673fc8
      size: 1046
    outs:
    - path: data/interim/test2.csv
      md5: 513bcef6a9da6cc91534b35130f972b5
      size: 1664613
    - path: data/interim/train_val_test.csv
      md5: f8807f02aff0b3e521a1f47540d2dbc9
      size: 24508067
  make_imbalance:
    cmd: python3 src/stages/make_imbalance.py params.yaml
    deps:
    - path: data/interim/train_val_test.csv
      md5: f8807f02aff0b3e521a1f47540d2dbc9
      size: 24508067
    - path: src/stages/make_imbalance.py
      md5: 77fa5c560f19939dc50263270aa7bfd3
      size: 5321
    params:
      params.yaml:
        make_imbalance.method: undersampling_RandomUnderSampler
    outs:
    - path: data/interim/train_val_test_balance.csv
      md5: 7cb809ddc929daebb08e2fce896d39b2
      size: 3660086
